
Microsoft Visual Studio Solution File, Format Version 12.00
# Visual Studio Version 17
VisualStudioVersion = 17.9.34701.34
MinimumVisualStudioVersion = 10.0.40219.1
Project("{FAE04EC0-301F-11D3-BF4B-00C04F79EFBC}") = "NewTalents", "NewTalents\NewTalents.csproj", "{E1FFE57B-7A5D-467F-B543-0EFB61FC27CD}"
EndProject
Global
	GlobalSection(SolutionConfigurationPlatforms) = preSolution
		Debug|Any CPU = Debug|Any CPU
		Release|Any CPU = Release|Any CPU
	EndGlobalSection
	GlobalSection(ProjectConfigurationPlatforms) = postSolution
		{E1FFE57B-7A5D-467F-B543-0EFB61FC27CD}.Debug|Any CPU.ActiveCfg = Debug|Any CPU
		{E1FFE57B-7A5D-467F-B543-0EFB61FC27CD}.Debug|Any CPU.Build.0 = Debug|Any CPU
		{E1FFE57B-7A5D-467F-B543-0EFB61FC27CD}.Release|Any CPU.ActiveCfg = Release|Any CPU
		{E1FFE57B-7A5D-467F-B543-0EFB61FC27CD}.Release|Any CPU.Build.0 = Release|Any CPU
	EndGlobalSection
	GlobalSection(SolutionProperties) = preSolution
		HideSolutionNode = FALSE
	EndGlobalSection
	GlobalSection(ExtensibilityGlobals) = postSolution
		SolutionGuid = {DCD3EEA9-8868-4051-B53C-2B8577242784}
	EndGlobalSection
EndGlobal
